
Microsoft Visual Studio Solution File, Format Version 12.00
# Visual Studio Version 17
VisualStudioVersion = 17.9.34728.123
MinimumVisualStudioVersion = 10.0.40219.1
Project("{9A19103F-16F7-4668-BE54-9A1E7A4F7556}") = "SistemaGestion", "SistemaGestion.csproj", "{6B41E498-1459-475B-8736-2988E01C6060}"
EndProject
Project("{9A19103F-16F7-4668-BE54-9A1E7A4F7556}") = "SistemaGestionEntities", "..\SistemaGestionEntities\SistemaGestionEntities.csproj", "{90788E19-BF48-4DFF-B5D1-3FC7A72B17D3}"
EndProject
Project("{9A19103F-16F7-4668-BE54-9A1E7A4F7556}") = "SistemaGestionData", "..\SistemaGestionData\SistemaGestionData.csproj", "{7CC3E59A-AD32-4360-B770-9F315883A22B}"
EndProject
Project("{9A19103F-16F7-4668-BE54-9A1E7A4F7556}") = "SistemaGestionBussiness", "..\SistemaGestionBussiness\SistemaGestionBussiness.csproj", "{3BA70DF6-9565-4AD7-A34D-5BC7FD1010C0}"
EndProject
Project("{FAE04EC0-301F-11D3-BF4B-00C04F79EFBC}") = "WebApplication1", "..\WebApplication1\WebApplication1.csproj", "{E99A651E-687D-4917-99D1-3799299A57BE}"
EndProject
Global
	GlobalSection(SolutionConfigurationPlatforms) = preSolution
		Debug|Any CPU = Debug|Any CPU
		Release|Any CPU = Release|Any CPU
	EndGlobalSection
	GlobalSection(ProjectConfigurationPlatforms) = postSolution
		{6B41E498-1459-475B-8736-2988E01C6060}.Debug|Any CPU.ActiveCfg = Debug|Any CPU
		{6B41E498-1459-475B-8736-2988E01C6060}.Debug|Any CPU.Build.0 = Debug|Any CPU
		{6B41E498-1459-475B-8736-2988E01C6060}.Release|Any CPU.ActiveCfg = Release|Any CPU
		{6B41E498-1459-475B-8736-2988E01C6060}.Release|Any CPU.Build.0 = Release|Any CPU
		{90788E19-BF48-4DFF-B5D1-3FC7A72B17D3}.Debug|Any CPU.ActiveCfg = Debug|Any CPU
		{90788E19-BF48-4DFF-B5D1-3FC7A72B17D3}.Debug|Any CPU.Build.0 = Debug|Any CPU
		{90788E19-BF48-4DFF-B5D1-3FC7A72B17D3}.Release|Any CPU.ActiveCfg = Release|Any CPU
		{90788E19-BF48-4DFF-B5D1-3FC7A72B17D3}.Release|Any CPU.Build.0 = Release|Any CPU
		{7CC3E59A-AD32-4360-B770-9F315883A22B}.Debug|Any CPU.ActiveCfg = Debug|Any CPU
		{7CC3E59A-AD32-4360-B770-9F315883A22B}.Debug|Any CPU.Build.0 = Debug|Any CPU
		{7CC3E59A-AD32-4360-B770-9F315883A22B}.Release|Any CPU.ActiveCfg = Release|Any CPU
		{7CC3E59A-AD32-4360-B770-9F315883A22B}.Release|Any CPU.Build.0 = Release|Any CPU
		{3BA70DF6-9565-4AD7-A34D-5BC7FD1010C0}.Debug|Any CPU.ActiveCfg = Debug|Any CPU
		{3BA70DF6-9565-4AD7-A34D-5BC7FD1010C0}.Debug|Any CPU.Build.0 = Debug|Any CPU
		{3BA70DF6-9565-4AD7-A34D-5BC7FD1010C0}.Release|Any CPU.ActiveCfg = Release|Any CPU
		{3BA70DF6-9565-4AD7-A34D-5BC7FD1010C0}.Release|Any CPU.Build.0 = Release|Any CPU
		{E99A651E-687D-4917-99D1-3799299A57BE}.Debug|Any CPU.ActiveCfg = Debug|Any CPU
		{E99A651E-687D-4917-99D1-3799299A57BE}.Debug|Any CPU.Build.0 = Debug|Any CPU
		{E99A651E-687D-4917-99D1-3799299A57BE}.Release|Any CPU.ActiveCfg = Release|Any CPU
		{E99A651E-687D-4917-99D1-3799299A57BE}.Release|Any CPU.Build.0 = Release|Any CPU
	EndGlobalSection
	GlobalSection(SolutionProperties) = preSolution
		HideSolutionNode = FALSE
	EndGlobalSection
	GlobalSection(ExtensibilityGlobals) = postSolution
		SolutionGuid = {1062342E-63FC-49FD-A157-1EB54DFECE79}
	EndGlobalSection
EndGlobal
